<?xml version="1.0" encoding="utf-8"?>
<Project ToolsVersion="4.0" xmlns="http://schemas.microsoft.com/developer/msbuild/2003">
  <ItemGroup>
    <Filter Include="win32">
      <UniqueIdentifier>{84a8ebd7-7cf0-47f6-b75e-d441df67da40}</UniqueIdentifier>
    </Filter>
    <Filter Include="resource">
      <UniqueIdentifier>{715254bc-d70b-4ec5-bf29-467dd3ace079}</UniqueIdentifier>
    </Filter>
    <Filter Include="src">
      <UniqueIdentifier>{bb6c862e-70e9-49d9-81b7-3829a6f50471}</UniqueIdentifier>
    </Filter>
  </ItemGroup>
  <ItemGroup>
    <ClCompile Include="main.cpp">
      <Filter>win32</Filter>
    </ClCompile>
    <ClCompile Include="..\Classes\AppDelegate.cpp">
      <Filter>src</Filter>
    </ClCompile>
    <ClCompile Include="..\Classes\Common.cpp">
      <Filter>src</Filter>
    </ClCompile>
    <ClCompile Include="..\Classes\Item.cpp">
      <Filter>src</Filter>
    </ClCompile>
    <ClCompile Include="..\Classes\ItemAddMushroom.cpp">
      <Filter>src</Filter>
    </ClCompile>
    <ClCompile Include="..\Classes\ItemBattery.cpp">
      <Filter>src</Filter>
    </ClCompile>
    <ClCompile Include="..\Classes\ItemBoss.cpp">
      <Filter>src</Filter>
    </ClCompile>
    <ClCompile Include="..\Classes\ItemBridgeStartPos.cpp">
      <Filter>src</Filter>
    </ClCompile>
    <ClCompile Include="..\Classes\ItemBullet.cpp">
      <Filter>src</Filter>
    </ClCompile>
    <ClCompile Include="..\Classes\ItemCanMove.cpp">
      <Filter>src</Filter>
    </ClCompile>
    <ClCompile Include="..\Classes\ItemDarkCloud.cpp">
      <Filter>src</Filter>
    </ClCompile>
    <ClCompile Include="..\Classes\ItemFinalpoint.cpp">
      <Filter>src</Filter>
    </ClCompile>
    <ClCompile Include="..\Classes\ItemFireString.cpp">
      <Filter>src</Filter>
    </ClCompile>
    <ClCompile Include="..\Classes\ItemFlagpoint.cpp">
      <Filter>src</Filter>
    </ClCompile>
    <ClCompile Include="..\Classes\ItemFlower.cpp">
      <Filter>src</Filter>
    </ClCompile>
    <ClCompile Include="..\Classes\ItemFlyFish.cpp">
      <Filter>src</Filter>
    </ClCompile>
    <ClCompile Include="..\Classes\ItemLadderLR.cpp">
      <Filter>src</Filter>
    </ClCompile>
    <ClCompile Include="..\Classes\ItemLadderUD.cpp">
      <Filter>src</Filter>
    </ClCompile>
    <ClCompile Include="..\Classes\ItemMushroom.cpp">
      <Filter>src</Filter>
    </ClCompile>
    <ClCompile Include="..\Classes\ItemMushroomMonster.cpp">
      <Filter>src</Filter>
    </ClCompile>
    <ClCompile Include="..\Classes\ItemTortoise.cpp">
      <Filter>src</Filter>
    </ClCompile>
    <ClCompile Include="..\Classes\ItemTortoiseFly.cpp">
      <Filter>src</Filter>
    </ClCompile>
    <ClCompile Include="..\Classes\ItemTortoiseRound.cpp">
      <Filter>src</Filter>
    </ClCompile>
    <ClCompile Include="..\Classes\Mario.cpp">
      <Filter>src</Filter>
    </ClCompile>
    <ClCompile Include="..\Classes\MenuCtrl.cpp">
      <Filter>src</Filter>
    </ClCompile>
    <ClCompile Include="..\Classes\myutil.cpp">
      <Filter>src</Filter>
    </ClCompile>
    <ClCompile Include="..\Classes\SceneGame.cpp">
      <Filter>src</Filter>
    </ClCompile>
    <ClCompile Include="..\Classes\SceneLoadResource.cpp">
      <Filter>src</Filter>
    </ClCompile>
    <ClCompile Include="..\Classes\SceneSelectLevel.cpp">
      <Filter>src</Filter>
    </ClCompile>
    <ClCompile Include="..\Classes\SceneStart.cpp">
      <Filter>src</Filter>
    </ClCompile>
  </ItemGroup>
  <ItemGroup>
    <ClInclude Include="main.h">
      <Filter>win32</Filter>
    </ClInclude>
    <ClInclude Include="..\Classes\AppDelegate.h">
      <Filter>src</Filter>
    </ClInclude>
    <ClInclude Include="..\Classes\AppMacros.h">
      <Filter>src</Filter>
    </ClInclude>
    <ClInclude Include="..\Classes\Common.h">
      <Filter>src</Filter>
    </ClInclude>
    <ClInclude Include="..\Classes\Item.h">
      <Filter>src</Filter>
    </ClInclude>
    <ClInclude Include="..\Classes\ItemAddMushroom.h">
      <Filter>src</Filter>
    </ClInclude>
    <ClInclude Include="..\Classes\ItemBattery.h">
      <Filter>src</Filter>
    </ClInclude>
    <ClInclude Include="..\Classes\ItemBoss.h">
      <Filter>src</Filter>
    </ClInclude>
    <ClInclude Include="..\Classes\ItemBridgeStartPos.h">
      <Filter>src</Filter>
    </ClInclude>
    <ClInclude Include="..\Classes\ItemBullet.h">
      <Filter>src</Filter>
    </ClInclude>
    <ClInclude Include="..\Classes\ItemCanMove.h">
      <Filter>src</Filter>
    </ClInclude>
    <ClInclude Include="..\Classes\ItemDarkCloud.h">
      <Filter>src</Filter>
    </ClInclude>
    <ClInclude Include="..\Classes\ItemFinalpoint.h">
      <Filter>src</Filter>
    </ClInclude>
    <ClInclude Include="..\Classes\ItemFireString.h">
      <Filter>src</Filter>
    </ClInclude>
    <ClInclude Include="..\Classes\ItemFlagpoint.h">
      <Filter>src</Filter>
    </ClInclude>
    <ClInclude Include="..\Classes\ItemFlower.h">
      <Filter>src</Filter>
    </ClInclude>
    <ClInclude Include="..\Classes\ItemFlyFish.h">
      <Filter>src</Filter>
    </ClInclude>
    <ClInclude Include="..\Classes\ItemLadderLR.h">
      <Filter>src</Filter>
    </ClInclude>
    <ClInclude Include="..\Classes\ItemLadderUD.h">
      <Filter>src</Filter>
    </ClInclude>
    <ClInclude Include="..\Classes\ItemMushroom.h">
      <Filter>src</Filter>
    </ClInclude>
    <ClInclude Include="..\Classes\ItemMushroomMonster.h">
      <Filter>src</Filter>
    </ClInclude>
    <ClInclude Include="..\Classes\ItemTortoise.h">
      <Filter>src</Filter>
    </ClInclude>
    <ClInclude Include="..\Classes\ItemTortoiseFly.h">
      <Filter>src</Filter>
    </ClInclude>
    <ClInclude Include="..\Classes\ItemTortoiseRound.h">
      <Filter>src</Filter>
    </ClInclude>
    <ClInclude Include="..\Classes\Mario.h">
      <Filter>src</Filter>
    </ClInclude>
    <ClInclude Include="..\Classes\MenuCtrl.h">
      <Filter>src</Filter>
    </ClInclude>
    <ClInclude Include="..\Classes\myutil.h">
      <Filter>src</Filter>
    </ClInclude>
    <ClInclude Include="..\Classes\SceneGame.h">
      <Filter>src</Filter>
    </ClInclude>
    <ClInclude Include="..\Classes\SceneLoadResource.h">
      <Filter>src</Filter>
    </ClInclude>
    <ClInclude Include="..\Classes\SceneSelectLevel.h">
      <Filter>src</Filter>
    </ClInclude>
    <ClInclude Include="..\Classes\SceneStart.h">
      <Filter>src</Filter>
    </ClInclude>
  </ItemGroup>
  <ItemGroup>
    <ResourceCompile Include="game.rc">
      <Filter>resource</Filter>
    </ResourceCompile>
  </ItemGroup>
</Project>